
Microsoft Visual Studio Solution File, Format Version 12.00
# Visual Studio Version 17
VisualStudioVersion = 17.3.32811.315
MinimumVisualStudioVersion = 10.0.40219.1
Project("{FAE04EC0-301F-11D3-BF4B-00C04F79EFBC}") = "JonasCodingTestNet6.API", "JonasCodingTestNet6.API\JonasCodingTestNet6.API.csproj", "{2FE72827-5E79-4B40-8BC1-A049850909AF}"
EndProject
Global
	GlobalSection(SolutionConfigurationPlatforms) = preSolution
		Debug|Any CPU = Debug|Any CPU
		Release|Any CPU = Release|Any CPU
	EndGlobalSection
	GlobalSection(ProjectConfigurationPlatforms) = postSolution
		{2FE72827-5E79-4B40-8BC1-A049850909AF}.Debug|Any CPU.ActiveCfg = Debug|Any CPU
		{2FE72827-5E79-4B40-8BC1-A049850909AF}.Debug|Any CPU.Build.0 = Debug|Any CPU
		{2FE72827-5E79-4B40-8BC1-A049850909AF}.Release|Any CPU.ActiveCfg = Release|Any CPU
		{2FE72827-5E79-4B40-8BC1-A049850909AF}.Release|Any CPU.Build.0 = Release|Any CPU
	EndGlobalSection
	GlobalSection(SolutionProperties) = preSolution
		HideSolutionNode = FALSE
	EndGlobalSection
	GlobalSection(ExtensibilityGlobals) = postSolution
		SolutionGuid = {ED5AFA51-14FE-4F49-B1B2-75B9AF440633}
	EndGlobalSection
EndGlobal
